
Microsoft Visual Studio Solution File, Format Version 12.00
# Visual Studio Version 16
VisualStudioVersion = 25.0.1700.0
MinimumVisualStudioVersion = 10.0.40219.1
Project("{FAE04EC0-301F-11D3-BF4B-00C04F79EFBC}") = "2Wheels", "2Wheels\2Wheels.csproj", "{E137CB06-5D03-4B15-9D90-E88FC113971D}"
EndProject
Global
	GlobalSection(SolutionConfigurationPlatforms) = preSolution
		Debug|Any CPU = Debug|Any CPU
		Release|Any CPU = Release|Any CPU
	EndGlobalSection
	GlobalSection(ProjectConfigurationPlatforms) = postSolution
		{E137CB06-5D03-4B15-9D90-E88FC113971D}.Debug|Any CPU.ActiveCfg = Debug|Any CPU
		{E137CB06-5D03-4B15-9D90-E88FC113971D}.Debug|Any CPU.Build.0 = Debug|Any CPU
		{E137CB06-5D03-4B15-9D90-E88FC113971D}.Release|Any CPU.ActiveCfg = Release|Any CPU
		{E137CB06-5D03-4B15-9D90-E88FC113971D}.Release|Any CPU.Build.0 = Release|Any CPU
	EndGlobalSection
	GlobalSection(SolutionProperties) = preSolution
		HideSolutionNode = FALSE
	EndGlobalSection
	GlobalSection(ExtensibilityGlobals) = postSolution
		SolutionGuid = {2CD71A78-76B9-44CF-8B77-E8CC48691D7E}
	EndGlobalSection
EndGlobal
